
Microsoft Visual Studio Solution File, Format Version 12.00
# Visual Studio 15
VisualStudioVersion = 15.0.27130.2036
MinimumVisualStudioVersion = 10.0.40219.1
Project("{FAE04EC0-301F-11D3-BF4B-00C04F79EFBC}") = "GTAVAudioHasher", "GTAVAudioHasher.csproj", "{3FB0BDB3-83A0-4707-97D9-5BE2DF3DA46A}"
EndProject
Global
	GlobalSection(SolutionConfigurationPlatforms) = preSolution
		Debug|Any CPU = Debug|Any CPU
		Release|Any CPU = Release|Any CPU
	EndGlobalSection
	GlobalSection(ProjectConfigurationPlatforms) = postSolution
		{3FB0BDB3-83A0-4707-97D9-5BE2DF3DA46A}.Debug|Any CPU.ActiveCfg = Debug|Any CPU
		{3FB0BDB3-83A0-4707-97D9-5BE2DF3DA46A}.Debug|Any CPU.Build.0 = Debug|Any CPU
		{3FB0BDB3-83A0-4707-97D9-5BE2DF3DA46A}.Release|Any CPU.ActiveCfg = Release|Any CPU
		{3FB0BDB3-83A0-4707-97D9-5BE2DF3DA46A}.Release|Any CPU.Build.0 = Release|Any CPU
	EndGlobalSection
	GlobalSection(SolutionProperties) = preSolution
		HideSolutionNode = FALSE
	EndGlobalSection
	GlobalSection(ExtensibilityGlobals) = postSolution
		SolutionGuid = {6EA02D47-2144-48B7-98AA-7E88964765EE}
	EndGlobalSection
EndGlobal
